<?xml version="1.0" encoding="utf-8"?>
<Project ToolsVersion="4.0" xmlns="http://schemas.microsoft.com/developer/msbuild/2003">
  <ItemGroup>
    <ClInclude Include="src\Latinizer.h">
      <Filter>Header Files</Filter>
    </ClInclude>
    <ClInclude Include="src\serializer.hpp">
      <Filter>Header Files</Filter>
    </ClInclude>
    <ClInclude Include="src\Trie.hpp">
      <Filter>Header Files</Filter>
    </ClInclude>
    <ClInclude Include="src\PyUtils.h">
      <Filter>Header Files</Filter>
    </ClInclude>
    <ClInclude Include="src\Lemmatizer.h">
      <Filter>Header Files</Filter>
    </ClInclude>
    <ClInclude Include="src\LatinFeat.h">
      <Filter>Header Files</Filter>
    </ClInclude>
    <ClInclude Include="src\layers.hpp">
      <Filter>Header Files</Filter>
    </ClInclude>
    <ClInclude Include="src\mmap.hpp">
      <Filter>Header Files</Filter>
    </ClInclude>
    <ClInclude Include="src\rfexception.hpp">
      <Filter>Header Files</Filter>
    </ClInclude>
    <ClInclude Include="src\rfobject.hpp">
      <Filter>Header Files</Filter>
    </ClInclude>
    <ClInclude Include="src\RnnModel.hpp">
      <Filter>Header Files</Filter>
    </ClInclude>
    <ClInclude Include="src\text.hpp">
      <Filter>Header Files</Filter>
    </ClInclude>
    <ClInclude Include="src\ThreadPool.hpp">
      <Filter>Header Files</Filter>
    </ClInclude>
    <ClInclude Include="src\PyDoc.h">
      <Filter>Header Files</Filter>
    </ClInclude>
  </ItemGroup>
  <ItemGroup>
    <Filter Include="Source Files">
      <UniqueIdentifier>{50ba451f-4cd6-4232-b9db-7852ba308194}</UniqueIdentifier>
    </Filter>
    <Filter Include="Header Files">
      <UniqueIdentifier>{39975b5d-e770-4636-95e5-4e6c77587d2c}</UniqueIdentifier>
    </Filter>
  </ItemGroup>
  <ItemGroup>
    <ClCompile Include="src\PyMain.cpp">
      <Filter>Source Files</Filter>
    </ClCompile>
    <ClCompile Include="src\Lemmatizer.cpp">
      <Filter>Source Files</Filter>
    </ClCompile>
  </ItemGroup>
  <ItemGroup>
    <None Include="setup.py" />
  </ItemGroup>
</Project>