
Microsoft Visual Studio Solution File, Format Version 12.00
# Visual Studio Version 16
VisualStudioVersion = 16.0.30330.147
MinimumVisualStudioVersion = 10.0.40219.1
Project("{8BC9CEB8-8B4A-11D0-8D11-00A0C91BC942}") = "LatinLemmatizer", "LatinLemmatizer.vcxproj", "{967D4580-3A5B-4D9C-8726-BB8514652E74}"
EndProject
Project("{8BC9CEB8-8B4A-11D0-8D11-00A0C91BC942}") = "LatinLemmatizerPython", "LatinLemmatizerPython.vcxproj", "{550C46E0-7118-49DE-87C2-9B2B19609E4A}"
EndProject
Global
	GlobalSection(SolutionConfigurationPlatforms) = preSolution
		Debug|x64 = Debug|x64
		Debug|x86 = Debug|x86
		Release|x64 = Release|x64
		Release|x86 = Release|x86
	EndGlobalSection
	GlobalSection(ProjectConfigurationPlatforms) = postSolution
		{967D4580-3A5B-4D9C-8726-BB8514652E74}.Debug|x64.ActiveCfg = Debug|x64
		{967D4580-3A5B-4D9C-8726-BB8514652E74}.Debug|x64.Build.0 = Debug|x64
		{967D4580-3A5B-4D9C-8726-BB8514652E74}.Debug|x86.ActiveCfg = Debug|Win32
		{967D4580-3A5B-4D9C-8726-BB8514652E74}.Debug|x86.Build.0 = Debug|Win32
		{967D4580-3A5B-4D9C-8726-BB8514652E74}.Release|x64.ActiveCfg = Release|x64
		{967D4580-3A5B-4D9C-8726-BB8514652E74}.Release|x64.Build.0 = Release|x64
		{967D4580-3A5B-4D9C-8726-BB8514652E74}.Release|x86.ActiveCfg = Release|Win32
		{967D4580-3A5B-4D9C-8726-BB8514652E74}.Release|x86.Build.0 = Release|Win32
		{550C46E0-7118-49DE-87C2-9B2B19609E4A}.Debug|x64.ActiveCfg = Debug|x64
		{550C46E0-7118-49DE-87C2-9B2B19609E4A}.Debug|x64.Build.0 = Debug|x64
		{550C46E0-7118-49DE-87C2-9B2B19609E4A}.Debug|x86.ActiveCfg = Debug|Win32
		{550C46E0-7118-49DE-87C2-9B2B19609E4A}.Debug|x86.Build.0 = Debug|Win32
		{550C46E0-7118-49DE-87C2-9B2B19609E4A}.Release|x64.ActiveCfg = Release|x64
		{550C46E0-7118-49DE-87C2-9B2B19609E4A}.Release|x64.Build.0 = Release|x64
		{550C46E0-7118-49DE-87C2-9B2B19609E4A}.Release|x86.ActiveCfg = Release|Win32
		{550C46E0-7118-49DE-87C2-9B2B19609E4A}.Release|x86.Build.0 = Release|Win32
	EndGlobalSection
	GlobalSection(SolutionProperties) = preSolution
		HideSolutionNode = FALSE
	EndGlobalSection
	GlobalSection(ExtensibilityGlobals) = postSolution
		SolutionGuid = {B47547BA-F899-4C85-AE6A-2343DC48ADD2}
	EndGlobalSection
EndGlobal
